
Microsoft Visual Studio Solution File, Format Version 12.00
# Visual Studio 15
Project("{FAE04EC0-301F-11D3-BF4B-00C04F79EFBC}") = "GuideXamarinForms.Android", "GuideXamarinForms.Android\GuideXamarinForms.Android.csproj", "{B09F3C40-E05E-4E65-8B7B-FC70261CC289}"
EndProject
Project("{FAE04EC0-301F-11D3-BF4B-00C04F79EFBC}") = "GuideXamarinForms.iOS", "GuideXamarinForms.iOS\GuideXamarinForms.iOS.csproj", "{64923726-C60F-4749-A977-297C2DBD8935}"
EndProject
Project("{FAE04EC0-301F-11D3-BF4B-00C04F79EFBC}") = "GuideXamarinForms.UITests", "GuideXamarinForms.UITests\GuideXamarinForms.UITests.csproj", "{C47629F5-B06A-4E61-8819-46FC20E134ED}"
EndProject
Project("{FAE04EC0-301F-11D3-BF4B-00C04F79EFBC}") = "GuideXamarinForms", "GuideXamarinForms\GuideXamarinForms.csproj", "{22231D1D-7A92-4F53-8C6D-9E2517D32D20}"
EndProject
Global
	GlobalSection(SolutionConfigurationPlatforms) = preSolution
		Debug|Any CPU = Debug|Any CPU
		Release|Any CPU = Release|Any CPU
		Debug|iPhoneSimulator = Debug|iPhoneSimulator
		Release|iPhoneSimulator = Release|iPhoneSimulator
		Debug|iPhone = Debug|iPhone
		Release|iPhone = Release|iPhone
	EndGlobalSection
	GlobalSection(ProjectConfigurationPlatforms) = postSolution
		{B09F3C40-E05E-4E65-8B7B-FC70261CC289}.Debug|Any CPU.ActiveCfg = Debug|Any CPU
		{B09F3C40-E05E-4E65-8B7B-FC70261CC289}.Debug|Any CPU.Build.0 = Debug|Any CPU
		{B09F3C40-E05E-4E65-8B7B-FC70261CC289}.Release|Any CPU.ActiveCfg = Release|Any CPU
		{B09F3C40-E05E-4E65-8B7B-FC70261CC289}.Release|Any CPU.Build.0 = Release|Any CPU
		{B09F3C40-E05E-4E65-8B7B-FC70261CC289}.Debug|iPhoneSimulator.ActiveCfg = Debug|Any CPU
		{B09F3C40-E05E-4E65-8B7B-FC70261CC289}.Debug|iPhoneSimulator.Build.0 = Debug|Any CPU
		{B09F3C40-E05E-4E65-8B7B-FC70261CC289}.Release|iPhoneSimulator.ActiveCfg = Release|Any CPU
		{B09F3C40-E05E-4E65-8B7B-FC70261CC289}.Release|iPhoneSimulator.Build.0 = Release|Any CPU
		{B09F3C40-E05E-4E65-8B7B-FC70261CC289}.Debug|iPhone.ActiveCfg = Debug|Any CPU
		{B09F3C40-E05E-4E65-8B7B-FC70261CC289}.Debug|iPhone.Build.0 = Debug|Any CPU
		{B09F3C40-E05E-4E65-8B7B-FC70261CC289}.Release|iPhone.ActiveCfg = Release|Any CPU
		{B09F3C40-E05E-4E65-8B7B-FC70261CC289}.Release|iPhone.Build.0 = Release|Any CPU
		{64923726-C60F-4749-A977-297C2DBD8935}.Debug|Any CPU.ActiveCfg = Debug|iPhoneSimulator
		{64923726-C60F-4749-A977-297C2DBD8935}.Debug|Any CPU.Build.0 = Debug|iPhoneSimulator
		{64923726-C60F-4749-A977-297C2DBD8935}.Release|Any CPU.ActiveCfg = Release|iPhoneSimulator
		{64923726-C60F-4749-A977-297C2DBD8935}.Release|Any CPU.Build.0 = Release|iPhoneSimulator
		{64923726-C60F-4749-A977-297C2DBD8935}.Debug|iPhoneSimulator.ActiveCfg = Debug|iPhoneSimulator
		{64923726-C60F-4749-A977-297C2DBD8935}.Debug|iPhoneSimulator.Build.0 = Debug|iPhoneSimulator
		{64923726-C60F-4749-A977-297C2DBD8935}.Release|iPhoneSimulator.ActiveCfg = Release|iPhoneSimulator
		{64923726-C60F-4749-A977-297C2DBD8935}.Release|iPhoneSimulator.Build.0 = Release|iPhoneSimulator
		{64923726-C60F-4749-A977-297C2DBD8935}.Debug|iPhone.ActiveCfg = Debug|iPhone
		{64923726-C60F-4749-A977-297C2DBD8935}.Debug|iPhone.Build.0 = Debug|iPhone
		{64923726-C60F-4749-A977-297C2DBD8935}.Release|iPhone.ActiveCfg = Release|iPhone
		{64923726-C60F-4749-A977-297C2DBD8935}.Release|iPhone.Build.0 = Release|iPhone
		{C47629F5-B06A-4E61-8819-46FC20E134ED}.Debug|Any CPU.ActiveCfg = Debug|Any CPU
		{C47629F5-B06A-4E61-8819-46FC20E134ED}.Debug|Any CPU.Build.0 = Debug|Any CPU
		{C47629F5-B06A-4E61-8819-46FC20E134ED}.Release|Any CPU.ActiveCfg = Release|Any CPU
		{C47629F5-B06A-4E61-8819-46FC20E134ED}.Release|Any CPU.Build.0 = Release|Any CPU
		{C47629F5-B06A-4E61-8819-46FC20E134ED}.Debug|iPhoneSimulator.ActiveCfg = Debug|Any CPU
		{C47629F5-B06A-4E61-8819-46FC20E134ED}.Debug|iPhoneSimulator.Build.0 = Debug|Any CPU
		{C47629F5-B06A-4E61-8819-46FC20E134ED}.Release|iPhoneSimulator.ActiveCfg = Release|Any CPU
		{C47629F5-B06A-4E61-8819-46FC20E134ED}.Release|iPhoneSimulator.Build.0 = Release|Any CPU
		{C47629F5-B06A-4E61-8819-46FC20E134ED}.Debug|iPhone.ActiveCfg = Debug|Any CPU
		{C47629F5-B06A-4E61-8819-46FC20E134ED}.Debug|iPhone.Build.0 = Debug|Any CPU
		{C47629F5-B06A-4E61-8819-46FC20E134ED}.Release|iPhone.ActiveCfg = Release|Any CPU
		{C47629F5-B06A-4E61-8819-46FC20E134ED}.Release|iPhone.Build.0 = Release|Any CPU
		{22231D1D-7A92-4F53-8C6D-9E2517D32D20}.Debug|Any CPU.ActiveCfg = Debug|Any CPU
		{22231D1D-7A92-4F53-8C6D-9E2517D32D20}.Debug|Any CPU.Build.0 = Debug|Any CPU
		{22231D1D-7A92-4F53-8C6D-9E2517D32D20}.Release|Any CPU.ActiveCfg = Release|Any CPU
		{22231D1D-7A92-4F53-8C6D-9E2517D32D20}.Release|Any CPU.Build.0 = Release|Any CPU
		{22231D1D-7A92-4F53-8C6D-9E2517D32D20}.Debug|iPhoneSimulator.ActiveCfg = Debug|Any CPU
		{22231D1D-7A92-4F53-8C6D-9E2517D32D20}.Debug|iPhoneSimulator.Build.0 = Debug|Any CPU
		{22231D1D-7A92-4F53-8C6D-9E2517D32D20}.Release|iPhoneSimulator.ActiveCfg = Release|Any CPU
		{22231D1D-7A92-4F53-8C6D-9E2517D32D20}.Release|iPhoneSimulator.Build.0 = Release|Any CPU
		{22231D1D-7A92-4F53-8C6D-9E2517D32D20}.Debug|iPhone.ActiveCfg = Debug|Any CPU
		{22231D1D-7A92-4F53-8C6D-9E2517D32D20}.Debug|iPhone.Build.0 = Debug|Any CPU
		{22231D1D-7A92-4F53-8C6D-9E2517D32D20}.Release|iPhone.ActiveCfg = Release|Any CPU
		{22231D1D-7A92-4F53-8C6D-9E2517D32D20}.Release|iPhone.Build.0 = Release|Any CPU
	EndGlobalSection
EndGlobal
